
Microsoft Visual Studio Solution File, Format Version 12.00
# Visual Studio 15
Project("{FAE04EC0-301F-11D3-BF4B-00C04F79EFBC}") = "Assembly-CSharp-firstpass", "Assembly-CSharp-firstpass.csproj", "{0E8C7DF0-5DE1-9515-BC1F-E720C6372084}"
EndProject
Project("{FAE04EC0-301F-11D3-BF4B-00C04F79EFBC}") = "Assembly-CSharp", "Assembly-CSharp.csproj", "{15B30C23-4473-FFA5-F2D8-F631F83D0649}"
EndProject
Project("{FAE04EC0-301F-11D3-BF4B-00C04F79EFBC}") = "CFXRDemo", "CFXRDemo.csproj", "{55028353-869B-EA51-B80A-584E7C4EC9C2}"
EndProject
Project("{FAE04EC0-301F-11D3-BF4B-00C04F79EFBC}") = "CFXRRuntime", "CFXRRuntime.csproj", "{DDCEF65E-D32D-29F6-AD45-82C59CE4109B}"
EndProject
Project("{FAE04EC0-301F-11D3-BF4B-00C04F79EFBC}") = "Assembly-CSharp-Editor", "Assembly-CSharp-Editor.csproj", "{8C971DD9-E8D1-B139-DBB1-5362A2ECBEBD}"
EndProject
Project("{FAE04EC0-301F-11D3-BF4B-00C04F79EFBC}") = "CFXREditor", "CFXREditor.csproj", "{9934C6C6-9057-ADFF-BBBB-1FAEDC9660D1}"
EndProject
Project("{FAE04EC0-301F-11D3-BF4B-00C04F79EFBC}") = "Assembly-CSharp-Editor-firstpass", "Assembly-CSharp-Editor-firstpass.csproj", "{1A3B0F3B-5843-5CBA-785E-A94960CC2003}"
EndProject
Project("{FAE04EC0-301F-11D3-BF4B-00C04F79EFBC}") = "CFXRDemoEditor", "CFXRDemoEditor.csproj", "{9B20E024-8664-6BD1-6E3E-577ADE0D5333}"
EndProject
Global
	GlobalSection(SolutionConfigurationPlatforms) = preSolution
		Debug|Any CPU = Debug|Any CPU
		Release|Any CPU = Release|Any CPU
	EndGlobalSection
	GlobalSection(ProjectConfigurationPlatforms) = postSolution
		{0E8C7DF0-5DE1-9515-BC1F-E720C6372084}.Debug|Any CPU.ActiveCfg = Debug|Any CPU
		{0E8C7DF0-5DE1-9515-BC1F-E720C6372084}.Debug|Any CPU.Build.0 = Debug|Any CPU
		{0E8C7DF0-5DE1-9515-BC1F-E720C6372084}.Release|Any CPU.ActiveCfg = Release|Any CPU
		{0E8C7DF0-5DE1-9515-BC1F-E720C6372084}.Release|Any CPU.Build.0 = Release|Any CPU
		{15B30C23-4473-FFA5-F2D8-F631F83D0649}.Debug|Any CPU.ActiveCfg = Debug|Any CPU
		{15B30C23-4473-FFA5-F2D8-F631F83D0649}.Debug|Any CPU.Build.0 = Debug|Any CPU
		{15B30C23-4473-FFA5-F2D8-F631F83D0649}.Release|Any CPU.ActiveCfg = Release|Any CPU
		{15B30C23-4473-FFA5-F2D8-F631F83D0649}.Release|Any CPU.Build.0 = Release|Any CPU
		{55028353-869B-EA51-B80A-584E7C4EC9C2}.Debug|Any CPU.ActiveCfg = Debug|Any CPU
		{55028353-869B-EA51-B80A-584E7C4EC9C2}.Debug|Any CPU.Build.0 = Debug|Any CPU
		{55028353-869B-EA51-B80A-584E7C4EC9C2}.Release|Any CPU.ActiveCfg = Release|Any CPU
		{55028353-869B-EA51-B80A-584E7C4EC9C2}.Release|Any CPU.Build.0 = Release|Any CPU
		{DDCEF65E-D32D-29F6-AD45-82C59CE4109B}.Debug|Any CPU.ActiveCfg = Debug|Any CPU
		{DDCEF65E-D32D-29F6-AD45-82C59CE4109B}.Debug|Any CPU.Build.0 = Debug|Any CPU
		{DDCEF65E-D32D-29F6-AD45-82C59CE4109B}.Release|Any CPU.ActiveCfg = Release|Any CPU
		{DDCEF65E-D32D-29F6-AD45-82C59CE4109B}.Release|Any CPU.Build.0 = Release|Any CPU
		{8C971DD9-E8D1-B139-DBB1-5362A2ECBEBD}.Debug|Any CPU.ActiveCfg = Debug|Any CPU
		{8C971DD9-E8D1-B139-DBB1-5362A2ECBEBD}.Debug|Any CPU.Build.0 = Debug|Any CPU
		{8C971DD9-E8D1-B139-DBB1-5362A2ECBEBD}.Release|Any CPU.ActiveCfg = Release|Any CPU
		{8C971DD9-E8D1-B139-DBB1-5362A2ECBEBD}.Release|Any CPU.Build.0 = Release|Any CPU
		{9934C6C6-9057-ADFF-BBBB-1FAEDC9660D1}.Debug|Any CPU.ActiveCfg = Debug|Any CPU
		{9934C6C6-9057-ADFF-BBBB-1FAEDC9660D1}.Debug|Any CPU.Build.0 = Debug|Any CPU
		{9934C6C6-9057-ADFF-BBBB-1FAEDC9660D1}.Release|Any CPU.ActiveCfg = Release|Any CPU
		{9934C6C6-9057-ADFF-BBBB-1FAEDC9660D1}.Release|Any CPU.Build.0 = Release|Any CPU
		{1A3B0F3B-5843-5CBA-785E-A94960CC2003}.Debug|Any CPU.ActiveCfg = Debug|Any CPU
		{1A3B0F3B-5843-5CBA-785E-A94960CC2003}.Debug|Any CPU.Build.0 = Debug|Any CPU
		{1A3B0F3B-5843-5CBA-785E-A94960CC2003}.Release|Any CPU.ActiveCfg = Release|Any CPU
		{1A3B0F3B-5843-5CBA-785E-A94960CC2003}.Release|Any CPU.Build.0 = Release|Any CPU
		{9B20E024-8664-6BD1-6E3E-577ADE0D5333}.Debug|Any CPU.ActiveCfg = Debug|Any CPU
		{9B20E024-8664-6BD1-6E3E-577ADE0D5333}.Debug|Any CPU.Build.0 = Debug|Any CPU
		{9B20E024-8664-6BD1-6E3E-577ADE0D5333}.Release|Any CPU.ActiveCfg = Release|Any CPU
		{9B20E024-8664-6BD1-6E3E-577ADE0D5333}.Release|Any CPU.Build.0 = Release|Any CPU
	EndGlobalSection
	GlobalSection(SolutionProperties) = preSolution
		HideSolutionNode = FALSE
	EndGlobalSection
EndGlobal
